
Microsoft Visual Studio Solution File, Format Version 12.00
# Visual Studio Version 16
VisualStudioVersion = 16.0.35026.282
MinimumVisualStudioVersion = 10.0.40219.1
Project("{C9674DCB-5085-4A16-B785-4C70DD1589BD}") = "ETL 2", "ETL 2\ETL 2.dtproj", "{5BF1B35A-7F08-41FF-8F99-0E6588F67639}"
EndProject
Global
	GlobalSection(SolutionConfigurationPlatforms) = preSolution
		Development|Default = Development|Default
	EndGlobalSection
	GlobalSection(ProjectConfigurationPlatforms) = postSolution
		{5BF1B35A-7F08-41FF-8F99-0E6588F67639}.Development|Default.ActiveCfg = Development
		{5BF1B35A-7F08-41FF-8F99-0E6588F67639}.Development|Default.Build.0 = Development
	EndGlobalSection
	GlobalSection(SolutionProperties) = preSolution
		HideSolutionNode = FALSE
	EndGlobalSection
	GlobalSection(ExtensibilityGlobals) = postSolution
		SolutionGuid = {44E166B4-3D3D-4AE9-BE13-2A633A1969D1}
	EndGlobalSection
EndGlobal
